
Microsoft Visual Studio Solution File, Format Version 12.00
# Visual Studio Version 16
VisualStudioVersion = 16.0.30114.105
MinimumVisualStudioVersion = 10.0.40219.1
Project("{2150E333-8FDC-42A3-9474-1A3956D46DE8}") = "src", "src", "{A02B311C-28E1-469F-8646-C76B459E074B}"
EndProject
Project("{FAE04EC0-301F-11D3-BF4B-00C04F79EFBC}") = "Frontend", "src\Frontend\Frontend.csproj", "{84761F60-37B8-4949-947B-6204CE1EC62F}"
EndProject
Project("{FAE04EC0-301F-11D3-BF4B-00C04F79EFBC}") = "Ingredients.Data", "src\Ingredients.Data\Ingredients.Data.csproj", "{2A613147-2A62-44D9-8296-5283C03B712F}"
EndProject
Project("{FAE04EC0-301F-11D3-BF4B-00C04F79EFBC}") = "Orders.PubSub", "src\Orders.PubSub\Orders.PubSub.csproj", "{5C1CB20B-599A-4EC2-90BE-F3C7D2B22DA1}"
EndProject
Project("{2150E333-8FDC-42A3-9474-1A3956D46DE8}") = "test", "test", "{21D49B5C-2B6C-4E62-B3EC-0E79909BF3F6}"
EndProject
Project("{FAE04EC0-301F-11D3-BF4B-00C04F79EFBC}") = "GrpcTestHelper", "test\GrpcTestHelper\GrpcTestHelper.csproj", "{CF0A8113-7381-44BD-A592-904D839F11C9}"
EndProject
Project("{FAE04EC0-301F-11D3-BF4B-00C04F79EFBC}") = "Ingredients", "src\Ingredients\Ingredients.csproj", "{2B2B138D-D087-476F-9FEE-81D70AE41F5A}"
EndProject
Project("{FAE04EC0-301F-11D3-BF4B-00C04F79EFBC}") = "Ingredients.Tests", "test\Ingredients.Tests\Ingredients.Tests.csproj", "{570672CE-2F1E-4CC3-A611-64AB964FCC42}"
EndProject
Project("{2150E333-8FDC-42A3-9474-1A3956D46DE8}") = "files", "files", "{E7EF68B0-5096-489A-AE75-39ED360F21D9}"
	ProjectSection(SolutionItems) = preProject
		tye.yaml = tye.yaml
	EndProjectSection
EndProject
Project("{FAE04EC0-301F-11D3-BF4B-00C04F79EFBC}") = "Orders", "src\Orders\Orders.csproj", "{B93DEB34-488E-4F61-846F-DF6D192B753C}"
EndProject
Project("{FAE04EC0-301F-11D3-BF4B-00C04F79EFBC}") = "Shop", "src\Shop\Shop.csproj", "{7FAF71C7-0022-4B18-BB6F-47207A2723DF}"
EndProject
Project("{FAE04EC0-301F-11D3-BF4B-00C04F79EFBC}") = "AuthHelp", "src\AuthHelp\AuthHelp.csproj", "{81F26392-E30D-41E0-B116-B016A892F45C}"
EndProject
Global
	GlobalSection(SolutionConfigurationPlatforms) = preSolution
		Debug|Any CPU = Debug|Any CPU
		Release|Any CPU = Release|Any CPU
	EndGlobalSection
	GlobalSection(SolutionProperties) = preSolution
		HideSolutionNode = FALSE
	EndGlobalSection
	GlobalSection(ProjectConfigurationPlatforms) = postSolution
		{84761F60-37B8-4949-947B-6204CE1EC62F}.Debug|Any CPU.ActiveCfg = Debug|Any CPU
		{84761F60-37B8-4949-947B-6204CE1EC62F}.Debug|Any CPU.Build.0 = Debug|Any CPU
		{84761F60-37B8-4949-947B-6204CE1EC62F}.Release|Any CPU.ActiveCfg = Release|Any CPU
		{84761F60-37B8-4949-947B-6204CE1EC62F}.Release|Any CPU.Build.0 = Release|Any CPU
		{2A613147-2A62-44D9-8296-5283C03B712F}.Debug|Any CPU.ActiveCfg = Debug|Any CPU
		{2A613147-2A62-44D9-8296-5283C03B712F}.Debug|Any CPU.Build.0 = Debug|Any CPU
		{2A613147-2A62-44D9-8296-5283C03B712F}.Release|Any CPU.ActiveCfg = Release|Any CPU
		{2A613147-2A62-44D9-8296-5283C03B712F}.Release|Any CPU.Build.0 = Release|Any CPU
		{5C1CB20B-599A-4EC2-90BE-F3C7D2B22DA1}.Debug|Any CPU.ActiveCfg = Debug|Any CPU
		{5C1CB20B-599A-4EC2-90BE-F3C7D2B22DA1}.Debug|Any CPU.Build.0 = Debug|Any CPU
		{5C1CB20B-599A-4EC2-90BE-F3C7D2B22DA1}.Release|Any CPU.ActiveCfg = Release|Any CPU
		{5C1CB20B-599A-4EC2-90BE-F3C7D2B22DA1}.Release|Any CPU.Build.0 = Release|Any CPU
		{CF0A8113-7381-44BD-A592-904D839F11C9}.Debug|Any CPU.ActiveCfg = Debug|Any CPU
		{CF0A8113-7381-44BD-A592-904D839F11C9}.Debug|Any CPU.Build.0 = Debug|Any CPU
		{CF0A8113-7381-44BD-A592-904D839F11C9}.Release|Any CPU.ActiveCfg = Release|Any CPU
		{CF0A8113-7381-44BD-A592-904D839F11C9}.Release|Any CPU.Build.0 = Release|Any CPU
		{2B2B138D-D087-476F-9FEE-81D70AE41F5A}.Debug|Any CPU.ActiveCfg = Debug|Any CPU
		{2B2B138D-D087-476F-9FEE-81D70AE41F5A}.Debug|Any CPU.Build.0 = Debug|Any CPU
		{2B2B138D-D087-476F-9FEE-81D70AE41F5A}.Release|Any CPU.ActiveCfg = Release|Any CPU
		{2B2B138D-D087-476F-9FEE-81D70AE41F5A}.Release|Any CPU.Build.0 = Release|Any CPU
		{570672CE-2F1E-4CC3-A611-64AB964FCC42}.Debug|Any CPU.ActiveCfg = Debug|Any CPU
		{570672CE-2F1E-4CC3-A611-64AB964FCC42}.Debug|Any CPU.Build.0 = Debug|Any CPU
		{570672CE-2F1E-4CC3-A611-64AB964FCC42}.Release|Any CPU.ActiveCfg = Release|Any CPU
		{570672CE-2F1E-4CC3-A611-64AB964FCC42}.Release|Any CPU.Build.0 = Release|Any CPU
		{B93DEB34-488E-4F61-846F-DF6D192B753C}.Debug|Any CPU.ActiveCfg = Debug|Any CPU
		{B93DEB34-488E-4F61-846F-DF6D192B753C}.Debug|Any CPU.Build.0 = Debug|Any CPU
		{B93DEB34-488E-4F61-846F-DF6D192B753C}.Release|Any CPU.ActiveCfg = Release|Any CPU
		{B93DEB34-488E-4F61-846F-DF6D192B753C}.Release|Any CPU.Build.0 = Release|Any CPU
		{7FAF71C7-0022-4B18-BB6F-47207A2723DF}.Debug|Any CPU.ActiveCfg = Debug|Any CPU
		{7FAF71C7-0022-4B18-BB6F-47207A2723DF}.Debug|Any CPU.Build.0 = Debug|Any CPU
		{7FAF71C7-0022-4B18-BB6F-47207A2723DF}.Release|Any CPU.ActiveCfg = Release|Any CPU
		{7FAF71C7-0022-4B18-BB6F-47207A2723DF}.Release|Any CPU.Build.0 = Release|Any CPU
		{81F26392-E30D-41E0-B116-B016A892F45C}.Debug|Any CPU.ActiveCfg = Debug|Any CPU
		{81F26392-E30D-41E0-B116-B016A892F45C}.Debug|Any CPU.Build.0 = Debug|Any CPU
		{81F26392-E30D-41E0-B116-B016A892F45C}.Release|Any CPU.ActiveCfg = Release|Any CPU
		{81F26392-E30D-41E0-B116-B016A892F45C}.Release|Any CPU.Build.0 = Release|Any CPU
	EndGlobalSection
	GlobalSection(NestedProjects) = preSolution
		{84761F60-37B8-4949-947B-6204CE1EC62F} = {A02B311C-28E1-469F-8646-C76B459E074B}
		{2A613147-2A62-44D9-8296-5283C03B712F} = {A02B311C-28E1-469F-8646-C76B459E074B}
		{5C1CB20B-599A-4EC2-90BE-F3C7D2B22DA1} = {A02B311C-28E1-469F-8646-C76B459E074B}
		{CF0A8113-7381-44BD-A592-904D839F11C9} = {21D49B5C-2B6C-4E62-B3EC-0E79909BF3F6}
		{2B2B138D-D087-476F-9FEE-81D70AE41F5A} = {A02B311C-28E1-469F-8646-C76B459E074B}
		{570672CE-2F1E-4CC3-A611-64AB964FCC42} = {21D49B5C-2B6C-4E62-B3EC-0E79909BF3F6}
		{B93DEB34-488E-4F61-846F-DF6D192B753C} = {A02B311C-28E1-469F-8646-C76B459E074B}
		{7FAF71C7-0022-4B18-BB6F-47207A2723DF} = {A02B311C-28E1-469F-8646-C76B459E074B}
		{81F26392-E30D-41E0-B116-B016A892F45C} = {A02B311C-28E1-469F-8646-C76B459E074B}
	EndGlobalSection
EndGlobal
